
Microsoft Visual Studio Solution File, Format Version 12.00
# Visual Studio 15
Project("{FAE04EC0-301F-11D3-BF4B-00C04F79EFBC}") = "Assembly-CSharp", "Assembly-CSharp.csproj", "{B5701328-69BF-EB20-040B-D9875D161FBE}"
EndProject
Project("{FAE04EC0-301F-11D3-BF4B-00C04F79EFBC}") = "Assembly-CSharp-Editor", "Assembly-CSharp-Editor.csproj", "{4B476044-617B-DD6B-8FDD-9AE3E9B6B781}"
EndProject
Project("{FAE04EC0-301F-11D3-BF4B-00C04F79EFBC}") = "Assembly-CSharp-Editor-firstpass", "Assembly-CSharp-Editor-firstpass.csproj", "{FA014179-27B4-B4F2-DA40-56B4A033461A}"
EndProject
Global
	GlobalSection(SolutionConfigurationPlatforms) = preSolution
		Debug|Any CPU = Debug|Any CPU
		Release|Any CPU = Release|Any CPU
	EndGlobalSection
	GlobalSection(ProjectConfigurationPlatforms) = postSolution
		{B5701328-69BF-EB20-040B-D9875D161FBE}.Debug|Any CPU.ActiveCfg = Debug|Any CPU
		{B5701328-69BF-EB20-040B-D9875D161FBE}.Debug|Any CPU.Build.0 = Debug|Any CPU
		{B5701328-69BF-EB20-040B-D9875D161FBE}.Release|Any CPU.ActiveCfg = Release|Any CPU
		{B5701328-69BF-EB20-040B-D9875D161FBE}.Release|Any CPU.Build.0 = Release|Any CPU
		{4B476044-617B-DD6B-8FDD-9AE3E9B6B781}.Debug|Any CPU.ActiveCfg = Debug|Any CPU
		{4B476044-617B-DD6B-8FDD-9AE3E9B6B781}.Debug|Any CPU.Build.0 = Debug|Any CPU
		{4B476044-617B-DD6B-8FDD-9AE3E9B6B781}.Release|Any CPU.ActiveCfg = Release|Any CPU
		{4B476044-617B-DD6B-8FDD-9AE3E9B6B781}.Release|Any CPU.Build.0 = Release|Any CPU
		{FA014179-27B4-B4F2-DA40-56B4A033461A}.Debug|Any CPU.ActiveCfg = Debug|Any CPU
		{FA014179-27B4-B4F2-DA40-56B4A033461A}.Debug|Any CPU.Build.0 = Debug|Any CPU
		{FA014179-27B4-B4F2-DA40-56B4A033461A}.Release|Any CPU.ActiveCfg = Release|Any CPU
		{FA014179-27B4-B4F2-DA40-56B4A033461A}.Release|Any CPU.Build.0 = Release|Any CPU
	EndGlobalSection
	GlobalSection(SolutionProperties) = preSolution
		HideSolutionNode = FALSE
	EndGlobalSection
EndGlobal
